
Microsoft Visual Studio Solution File, Format Version 12.00
# Visual Studio Version 18
VisualStudioVersion = 18.0.10820.31
MinimumVisualStudioVersion = 10.0.40219.1
Project("{2150E333-8FDC-42A3-9474-1A3956D46DE8}") = "1 - Domain", "1 - Domain", "{F430C77E-DDAB-45DA-8D24-A04F577AECBF}"
EndProject
Project("{2150E333-8FDC-42A3-9474-1A3956D46DE8}") = "2 - Application", "2 - Application", "{1F787274-6C3A-4BEC-8B43-46F001CA773E}"
EndProject
Project("{2150E333-8FDC-42A3-9474-1A3956D46DE8}") = "3 - Infrastructure", "3 - Infrastructure", "{FB19DF3C-356A-442F-8E68-C6AA4B45880D}"
EndProject
Project("{2150E333-8FDC-42A3-9474-1A3956D46DE8}") = "4 - EntryPoints", "4 - EntryPoints", "{E0BA980D-A434-40B9-A5E5-224D14438594}"
EndProject
Project("{2150E333-8FDC-42A3-9474-1A3956D46DE8}") = "5 - Tests", "5 - Tests", "{7CC95871-4B70-411F-AB2C-7CCEDBB47E03}"
EndProject
Project("{9A19103F-16F7-4668-BE54-9A1E7A4F7556}") = "AmberEggApi.Domain", "AmberEggApi.Domain\AmberEggApi.Domain.csproj", "{F60EBC60-4C92-4C01-947C-2F9ED18A3B18}"
EndProject
Project("{9A19103F-16F7-4668-BE54-9A1E7A4F7556}") = "AmberEggApi.ApplicationService", "AmberEggApi.ApplicationService\AmberEggApi.ApplicationService.csproj", "{EB0AC643-8245-4992-80D5-24E7AD64C821}"
EndProject
Project("{9A19103F-16F7-4668-BE54-9A1E7A4F7556}") = "AmberEggApi.Infrastructure", "AmberEggApi.Infrastructure\AmberEggApi.Infrastructure.csproj", "{95FAC297-9C32-4E6E-8AA8-DB2BD7E2FA3C}"
EndProject
Project("{9A19103F-16F7-4668-BE54-9A1E7A4F7556}") = "AmberEggApi.DomainTests", "AmberEggApi.Domain.Tests\AmberEggApi.DomainTests.csproj", "{90F5788F-89A2-4593-B433-3628315A8146}"
EndProject
Project("{9A19103F-16F7-4668-BE54-9A1E7A4F7556}") = "AmberEggApi.IntegrationTests", "AmberEggApi.Integration.Tests\AmberEggApi.IntegrationTests.csproj", "{FC165537-4C96-4829-8203-221C020C48CA}"
EndProject
Project("{9A19103F-16F7-4668-BE54-9A1E7A4F7556}") = "AmberEggApi.WebApi", "AmberEggApi.WebApi\AmberEggApi.WebApi.csproj", "{336892E1-9089-4C60-8B92-455B1088C5D2}"
EndProject
Project("{2150E333-8FDC-42A3-9474-1A3956D46DE8}") = "0 - Core", "0 - Core", "{6A607D58-847A-46A5-A600-BD782970CD8B}"
EndProject
Project("{9A19103F-16F7-4668-BE54-9A1E7A4F7556}") = "AmberEggApi.Contracts", "AmberEggApi.Contracts\AmberEggApi.Contracts.csproj", "{F2EDD5AF-AE53-4F1A-A921-97E40E88413D}"
EndProject
Project("{9A19103F-16F7-4668-BE54-9A1E7A4F7556}") = "AmberEggApi.Database", "AmberEggApi.Database\AmberEggApi.Database.csproj", "{B2300667-54DE-418B-93DB-37A553BD1480}"
EndProject
Project("{9A19103F-16F7-4668-BE54-9A1E7A4F7556}") = "AmberEggApi.Repository.EFCore", "AmberEggApi.Repository.EFCore\AmberEggApi.Repository.EFCore.csproj", "{949EA0A5-5AA1-442C-9EA7-2A9663942977}"
EndProject
Project("{9A19103F-16F7-4668-BE54-9A1E7A4F7556}") = "AmberEggApi.Repository.EFCoreTests", "AmberEggApi.Repository.EFCore.Tests\AmberEggApi.Repository.EFCoreTests.csproj", "{71EE458E-462D-48D1-B693-DBDE4116835D}"
EndProject
Global
	GlobalSection(SolutionConfigurationPlatforms) = preSolution
		Debug|Any CPU = Debug|Any CPU
		Release|Any CPU = Release|Any CPU
	EndGlobalSection
	GlobalSection(ProjectConfigurationPlatforms) = postSolution
		{F60EBC60-4C92-4C01-947C-2F9ED18A3B18}.Debug|Any CPU.ActiveCfg = Debug|Any CPU
		{F60EBC60-4C92-4C01-947C-2F9ED18A3B18}.Debug|Any CPU.Build.0 = Debug|Any CPU
		{F60EBC60-4C92-4C01-947C-2F9ED18A3B18}.Release|Any CPU.ActiveCfg = Release|Any CPU
		{F60EBC60-4C92-4C01-947C-2F9ED18A3B18}.Release|Any CPU.Build.0 = Release|Any CPU
		{EB0AC643-8245-4992-80D5-24E7AD64C821}.Debug|Any CPU.ActiveCfg = Debug|Any CPU
		{EB0AC643-8245-4992-80D5-24E7AD64C821}.Debug|Any CPU.Build.0 = Debug|Any CPU
		{EB0AC643-8245-4992-80D5-24E7AD64C821}.Release|Any CPU.ActiveCfg = Release|Any CPU
		{EB0AC643-8245-4992-80D5-24E7AD64C821}.Release|Any CPU.Build.0 = Release|Any CPU
		{95FAC297-9C32-4E6E-8AA8-DB2BD7E2FA3C}.Debug|Any CPU.ActiveCfg = Debug|Any CPU
		{95FAC297-9C32-4E6E-8AA8-DB2BD7E2FA3C}.Debug|Any CPU.Build.0 = Debug|Any CPU
		{95FAC297-9C32-4E6E-8AA8-DB2BD7E2FA3C}.Release|Any CPU.ActiveCfg = Release|Any CPU
		{95FAC297-9C32-4E6E-8AA8-DB2BD7E2FA3C}.Release|Any CPU.Build.0 = Release|Any CPU
		{90F5788F-89A2-4593-B433-3628315A8146}.Debug|Any CPU.ActiveCfg = Debug|Any CPU
		{90F5788F-89A2-4593-B433-3628315A8146}.Debug|Any CPU.Build.0 = Debug|Any CPU
		{90F5788F-89A2-4593-B433-3628315A8146}.Release|Any CPU.ActiveCfg = Release|Any CPU
		{90F5788F-89A2-4593-B433-3628315A8146}.Release|Any CPU.Build.0 = Release|Any CPU
		{FC165537-4C96-4829-8203-221C020C48CA}.Debug|Any CPU.ActiveCfg = Debug|Any CPU
		{FC165537-4C96-4829-8203-221C020C48CA}.Debug|Any CPU.Build.0 = Debug|Any CPU
		{FC165537-4C96-4829-8203-221C020C48CA}.Release|Any CPU.ActiveCfg = Release|Any CPU
		{FC165537-4C96-4829-8203-221C020C48CA}.Release|Any CPU.Build.0 = Release|Any CPU
		{336892E1-9089-4C60-8B92-455B1088C5D2}.Debug|Any CPU.ActiveCfg = Debug|Any CPU
		{336892E1-9089-4C60-8B92-455B1088C5D2}.Debug|Any CPU.Build.0 = Debug|Any CPU
		{336892E1-9089-4C60-8B92-455B1088C5D2}.Release|Any CPU.ActiveCfg = Release|Any CPU
		{336892E1-9089-4C60-8B92-455B1088C5D2}.Release|Any CPU.Build.0 = Release|Any CPU
		{F2EDD5AF-AE53-4F1A-A921-97E40E88413D}.Debug|Any CPU.ActiveCfg = Debug|Any CPU
		{F2EDD5AF-AE53-4F1A-A921-97E40E88413D}.Debug|Any CPU.Build.0 = Debug|Any CPU
		{F2EDD5AF-AE53-4F1A-A921-97E40E88413D}.Release|Any CPU.ActiveCfg = Release|Any CPU
		{F2EDD5AF-AE53-4F1A-A921-97E40E88413D}.Release|Any CPU.Build.0 = Release|Any CPU
		{B2300667-54DE-418B-93DB-37A553BD1480}.Debug|Any CPU.ActiveCfg = Debug|Any CPU
		{B2300667-54DE-418B-93DB-37A553BD1480}.Debug|Any CPU.Build.0 = Debug|Any CPU
		{B2300667-54DE-418B-93DB-37A553BD1480}.Release|Any CPU.ActiveCfg = Release|Any CPU
		{B2300667-54DE-418B-93DB-37A553BD1480}.Release|Any CPU.Build.0 = Release|Any CPU
		{949EA0A5-5AA1-442C-9EA7-2A9663942977}.Debug|Any CPU.ActiveCfg = Debug|Any CPU
		{949EA0A5-5AA1-442C-9EA7-2A9663942977}.Debug|Any CPU.Build.0 = Debug|Any CPU
		{949EA0A5-5AA1-442C-9EA7-2A9663942977}.Release|Any CPU.ActiveCfg = Release|Any CPU
		{949EA0A5-5AA1-442C-9EA7-2A9663942977}.Release|Any CPU.Build.0 = Release|Any CPU
		{71EE458E-462D-48D1-B693-DBDE4116835D}.Debug|Any CPU.ActiveCfg = Debug|Any CPU
		{71EE458E-462D-48D1-B693-DBDE4116835D}.Debug|Any CPU.Build.0 = Debug|Any CPU
		{71EE458E-462D-48D1-B693-DBDE4116835D}.Release|Any CPU.ActiveCfg = Release|Any CPU
		{71EE458E-462D-48D1-B693-DBDE4116835D}.Release|Any CPU.Build.0 = Release|Any CPU
	EndGlobalSection
	GlobalSection(SolutionProperties) = preSolution
		HideSolutionNode = FALSE
	EndGlobalSection
	GlobalSection(NestedProjects) = preSolution
		{F60EBC60-4C92-4C01-947C-2F9ED18A3B18} = {F430C77E-DDAB-45DA-8D24-A04F577AECBF}
		{EB0AC643-8245-4992-80D5-24E7AD64C821} = {1F787274-6C3A-4BEC-8B43-46F001CA773E}
		{95FAC297-9C32-4E6E-8AA8-DB2BD7E2FA3C} = {FB19DF3C-356A-442F-8E68-C6AA4B45880D}
		{90F5788F-89A2-4593-B433-3628315A8146} = {7CC95871-4B70-411F-AB2C-7CCEDBB47E03}
		{FC165537-4C96-4829-8203-221C020C48CA} = {7CC95871-4B70-411F-AB2C-7CCEDBB47E03}
		{336892E1-9089-4C60-8B92-455B1088C5D2} = {E0BA980D-A434-40B9-A5E5-224D14438594}
		{F2EDD5AF-AE53-4F1A-A921-97E40E88413D} = {6A607D58-847A-46A5-A600-BD782970CD8B}
		{B2300667-54DE-418B-93DB-37A553BD1480} = {FB19DF3C-356A-442F-8E68-C6AA4B45880D}
		{949EA0A5-5AA1-442C-9EA7-2A9663942977} = {FB19DF3C-356A-442F-8E68-C6AA4B45880D}
		{71EE458E-462D-48D1-B693-DBDE4116835D} = {7CC95871-4B70-411F-AB2C-7CCEDBB47E03}
	EndGlobalSection
	GlobalSection(ExtensibilityGlobals) = postSolution
		SolutionGuid = {C3592426-5D97-42AD-87E8-83047C0ABD25}
	EndGlobalSection
EndGlobal
